
Microsoft Visual Studio Solution File, Format Version 12.00
# Visual Studio Version 17
VisualStudioVersion = 17.3.32922.545
MinimumVisualStudioVersion = 10.0.40219.1
Project("{9A19103F-16F7-4668-BE54-9A1E7A4F7556}") = "HealthyLifestyle", "HealthyLifestyle.csproj", "{9ACF83ED-2590-43F7-BEA5-651B3A24050B}"
EndProject
Global
	GlobalSection(SolutionConfigurationPlatforms) = preSolution
		Debug|Any CPU = Debug|Any CPU
		Release|Any CPU = Release|Any CPU
	EndGlobalSection
	GlobalSection(ProjectConfigurationPlatforms) = postSolution
		{9ACF83ED-2590-43F7-BEA5-651B3A24050B}.Debug|Any CPU.ActiveCfg = Debug|Any CPU
		{9ACF83ED-2590-43F7-BEA5-651B3A24050B}.Debug|Any CPU.Build.0 = Debug|Any CPU
		{9ACF83ED-2590-43F7-BEA5-651B3A24050B}.Debug|Any CPU.Deploy.0 = Debug|Any CPU
		{9ACF83ED-2590-43F7-BEA5-651B3A24050B}.Release|Any CPU.ActiveCfg = Release|Any CPU
		{9ACF83ED-2590-43F7-BEA5-651B3A24050B}.Release|Any CPU.Build.0 = Release|Any CPU
		{9ACF83ED-2590-43F7-BEA5-651B3A24050B}.Release|Any CPU.Deploy.0 = Release|Any CPU
	EndGlobalSection
	GlobalSection(SolutionProperties) = preSolution
		HideSolutionNode = FALSE
	EndGlobalSection
	GlobalSection(ExtensibilityGlobals) = postSolution
		SolutionGuid = {65EDC928-3387-4FF0-B24A-F2F2E0733A74}
	EndGlobalSection
EndGlobal
